// !$*UTF8*$!
{
	archiveVersion = 1;
	classes = {
	};
	objectVersion = 46;
	objects = {

/* Begin PBXBuildFile section */
		41F7C7F99EF7A80209C06F41 /* Pods_Smack.framework in Frameworks */ = {isa = PBXBuildFile; fileRef = 987908AAD48C17B811EAB4C8 /* Pods_Smack.framework */; };
		690244A72055D00F006EEA40 /* createAccountVC.swift in Sources */ = {isa = PBXBuildFile; fileRef = 690244A62055D00F006EEA40 /* createAccountVC.swift */; };
		690244A92055E5B1006EEA40 /* RoundedBTN.swift in Sources */ = {isa = PBXBuildFile; fileRef = 690244A82055E5B1006EEA40 /* RoundedBTN.swift */; };
		690244AB20560C95006EEA40 /* UserDataService.swift in Sources */ = {isa = PBXBuildFile; fileRef = 690244AA20560C94006EEA40 /* UserDataService.swift */; };
		69277EF62052FFB4004C82DB /* AppDelegate.swift in Sources */ = {isa = PBXBuildFile; fileRef = 69277EF52052FFB4004C82DB /* AppDelegate.swift */; };
		69277EFB2052FFB4004C82DB /* Main.storyboard in Resources */ = {isa = PBXBuildFile; fileRef = 69277EF92052FFB4004C82DB /* Main.storyboard */; };
		69277EFD2052FFB4004C82DB /* Assets.xcassets in Resources */ = {isa = PBXBuildFile; fileRef = 69277EFC2052FFB4004C82DB /* Assets.xcassets */; };
		69277F002052FFB4004C82DB /* LaunchScreen.storyboard in Resources */ = {isa = PBXBuildFile; fileRef = 69277EFE2052FFB4004C82DB /* LaunchScreen.storyboard */; };
		69277F0B205313BD004C82DB /* SWRevealViewController.m in Sources */ = {isa = PBXBuildFile; fileRef = 69277F0A205313BD004C82DB /* SWRevealViewController.m */; };
		69277F102053194A004C82DB /* ChatVC.swift in Sources */ = {isa = PBXBuildFile; fileRef = 69277F0F2053194A004C82DB /* ChatVC.swift */; };
		69277F122053199E004C82DB /* ChannelVC.swift in Sources */ = {isa = PBXBuildFile; fileRef = 69277F112053199E004C82DB /* ChannelVC.swift */; };
		69277F14205341DF004C82DB /* GradientView.swift in Sources */ = {isa = PBXBuildFile; fileRef = 69277F13205341DE004C82DB /* GradientView.swift */; };
		69277F1720536139004C82DB /* Constants.swift in Sources */ = {isa = PBXBuildFile; fileRef = 69277F1620536139004C82DB /* Constants.swift */; };
		69277F1920536F95004C82DB /* signinVC.swift in Sources */ = {isa = PBXBuildFile; fileRef = 69277F1820536F95004C82DB /* signinVC.swift */; };
		693196FF2058B4F4003AD1B4 /* channelCell.swift in Sources */ = {isa = PBXBuildFile; fileRef = 693196FE2058B4F4003AD1B4 /* channelCell.swift */; };
		69A2C01920599F7A007FA671 /* socketService.swift in Sources */ = {isa = PBXBuildFile; fileRef = 69A2C01820599F7A007FA671 /* socketService.swift */; };
		69EF81B92059686800CE69FB /* AddChannelVC.swift in Sources */ = {isa = PBXBuildFile; fileRef = 69EF81B72059686800CE69FB /* AddChannelVC.swift */; };
		69EF81BA2059686800CE69FB /* AddChannelVC.xib in Resources */ = {isa = PBXBuildFile; fileRef = 69EF81B82059686800CE69FB /* AddChannelVC.xib */; };
		69F163712056E915000FE161 /* avatarPicerVC.swift in Sources */ = {isa = PBXBuildFile; fileRef = 69F163702056E915000FE161 /* avatarPicerVC.swift */; };
		69F163732056F184000FE161 /* AvatarCell.swift in Sources */ = {isa = PBXBuildFile; fileRef = 69F163722056F184000FE161 /* AvatarCell.swift */; };
		69F163752057270E000FE161 /* CircleImage.swift in Sources */ = {isa = PBXBuildFile; fileRef = 69F163742057270D000FE161 /* CircleImage.swift */; };
		69F4DC7A2058259400690A73 /* ProfileVC.swift in Sources */ = {isa = PBXBuildFile; fileRef = 69F4DC782058259400690A73 /* ProfileVC.swift */; };
		69F4DC7B2058259400690A73 /* ProfileVC.xib in Resources */ = {isa = PBXBuildFile; fileRef = 69F4DC792058259400690A73 /* ProfileVC.xib */; };
		69F4DC7E2058A1D500690A73 /* MessageService.swift in Sources */ = {isa = PBXBuildFile; fileRef = 69F4DC7D2058A1D500690A73 /* MessageService.swift */; };
		69F4DC802058A2A300690A73 /* Channel.swift in Sources */ = {isa = PBXBuildFile; fileRef = 69F4DC7F2058A2A300690A73 /* Channel.swift */; };
		69F8CA142054B1B4008D36C9 /* AuthService.swift in Sources */ = {isa = PBXBuildFile; fileRef = 69F8CA132054B1B4008D36C9 /* AuthService.swift */; };
/* End PBXBuildFile section */

/* Begin PBXFileReference section */
		690244A62055D00F006EEA40 /* createAccountVC.swift */ = {isa = PBXFileReference; fileEncoding = 4; lastKnownFileType = sourcecode.swift; path = createAccountVC.swift; sourceTree = "<group>"; };
		690244A82055E5B1006EEA40 /* RoundedBTN.swift */ = {isa = PBXFileReference; fileEncoding = 4; lastKnownFileType = sourcecode.swift; path = RoundedBTN.swift; sourceTree = "<group>"; };
		690244AA20560C94006EEA40 /* UserDataService.swift */ = {isa = PBXFileReference; fileEncoding = 4; lastKnownFileType = sourcecode.swift; path = UserDataService.swift; sourceTree = "<group>"; };
		69277EF22052FFB4004C82DB /* Smack.app */ = {isa = PBXFileReference; explicitFileType = wrapper.application; includeInIndex = 0; path = Smack.app; sourceTree = BUILT_PRODUCTS_DIR; };
		69277EF52052FFB4004C82DB /* AppDelegate.swift */ = {isa = PBXFileReference; lastKnownFileType = sourcecode.swift; path = AppDelegate.swift; sourceTree = "<group>"; };
		69277EFA2052FFB4004C82DB /* Base */ = {isa = PBXFileReference; lastKnownFileType = file.storyboard; name = Base; path = Base.lproj/Main.storyboard; sourceTree = "<group>"; };
		69277EFC2052FFB4004C82DB /* Assets.xcassets */ = {isa = PBXFileReference; lastKnownFileType = folder.assetcatalog; path = Assets.xcassets; sourceTree = "<group>"; };
		69277EFF2052FFB4004C82DB /* Base */ = {isa = PBXFileReference; lastKnownFileType = file.storyboard; name = Base; path = Base.lproj/LaunchScreen.storyboard; sourceTree = "<group>"; };
		69277F012052FFB4004C82DB /* Info.plist */ = {isa = PBXFileReference; lastKnownFileType = text.plist.xml; path = Info.plist; sourceTree = "<group>"; };
		69277F08205313BC004C82DB /* Smack-Bridging-Header.h */ = {isa = PBXFileReference; lastKnownFileType = sourcecode.c.h; path = "Smack-Bridging-Header.h"; sourceTree = "<group>"; };
		69277F09205313BD004C82DB /* SWRevealViewController.h */ = {isa = PBXFileReference; fileEncoding = 4; lastKnownFileType = sourcecode.c.h; path = SWRevealViewController.h; sourceTree = "<group>"; };
		69277F0A205313BD004C82DB /* SWRevealViewController.m */ = {isa = PBXFileReference; fileEncoding = 4; lastKnownFileType = sourcecode.c.objc; path = SWRevealViewController.m; sourceTree = "<group>"; };
		69277F0F2053194A004C82DB /* ChatVC.swift */ = {isa = PBXFileReference; fileEncoding = 4; lastKnownFileType = sourcecode.swift; path = ChatVC.swift; sourceTree = "<group>"; };
		69277F112053199E004C82DB /* ChannelVC.swift */ = {isa = PBXFileReference; fileEncoding = 4; lastKnownFileType = sourcecode.swift; path = ChannelVC.swift; sourceTree = "<group>"; };
		69277F13205341DE004C82DB /* GradientView.swift */ = {isa = PBXFileReference; fileEncoding = 4; lastKnownFileType = sourcecode.swift; path = GradientView.swift; sourceTree = "<group>"; };
		69277F1620536139004C82DB /* Constants.swift */ = {isa = PBXFileReference; fileEncoding = 4; lastKnownFileType = sourcecode.swift; path = Constants.swift; sourceTree = "<group>"; };
		69277F1820536F95004C82DB /* signinVC.swift */ = {isa = PBXFileReference; fileEncoding = 4; lastKnownFileType = sourcecode.swift; path = signinVC.swift; sourceTree = "<group>"; };
		693196FE2058B4F4003AD1B4 /* channelCell.swift */ = {isa = PBXFileReference; fileEncoding = 4; lastKnownFileType = sourcecode.swift; path = channelCell.swift; sourceTree = "<group>"; };
		69A2C01820599F7A007FA671 /* socketService.swift */ = {isa = PBXFileReference; fileEncoding = 4; lastKnownFileType = sourcecode.swift; path = socketService.swift; sourceTree = "<group>"; };
		69EF81B72059686800CE69FB /* AddChannelVC.swift */ = {isa = PBXFileReference; fileEncoding = 4; lastKnownFileType = sourcecode.swift; path = AddChannelVC.swift; sourceTree = "<group>"; };
		69EF81B82059686800CE69FB /* AddChannelVC.xib */ = {isa = PBXFileReference; fileEncoding = 4; lastKnownFileType = file.xib; path = AddChannelVC.xib; sourceTree = "<group>"; };
		69F163702056E915000FE161 /* avatarPicerVC.swift */ = {isa = PBXFileReference; fileEncoding = 4; lastKnownFileType = sourcecode.swift; path = avatarPicerVC.swift; sourceTree = "<group>"; };
		69F163722056F184000FE161 /* AvatarCell.swift */ = {isa = PBXFileReference; fileEncoding = 4; lastKnownFileType = sourcecode.swift; path = AvatarCell.swift; sourceTree = "<group>"; };
		69F163742057270D000FE161 /* CircleImage.swift */ = {isa = PBXFileReference; fileEncoding = 4; lastKnownFileType = sourcecode.swift; path = CircleImage.swift; sourceTree = "<group>"; };
		69F4DC782058259400690A73 /* ProfileVC.swift */ = {isa = PBXFileReference; fileEncoding = 4; lastKnownFileType = sourcecode.swift; path = ProfileVC.swift; sourceTree = "<group>"; };
		69F4DC792058259400690A73 /* ProfileVC.xib */ = {isa = PBXFileReference; fileEncoding = 4; lastKnownFileType = file.xib; path = ProfileVC.xib; sourceTree = "<group>"; };
		69F4DC7D2058A1D500690A73 /* MessageService.swift */ = {isa = PBXFileReference; fileEncoding = 4; lastKnownFileType = sourcecode.swift; path = MessageService.swift; sourceTree = "<group>"; };
		69F4DC7F2058A2A300690A73 /* Channel.swift */ = {isa = PBXFileReference; fileEncoding = 4; lastKnownFileType = sourcecode.swift; path = Channel.swift; sourceTree = "<group>"; };
		69F8CA132054B1B4008D36C9 /* AuthService.swift */ = {isa = PBXFileReference; fileEncoding = 4; lastKnownFileType = sourcecode.swift; path = AuthService.swift; sourceTree = "<group>"; };
		76F724936E1EA4F6086C0AFF /* Pods-Smack.debug.xcconfig */ = {isa = PBXFileReference; includeInIndex = 1; lastKnownFileType = text.xcconfig; name = "Pods-Smack.debug.xcconfig"; path = "Pods/Target Support Files/Pods-Smack/Pods-Smack.debug.xcconfig"; sourceTree = "<group>"; };
		987908AAD48C17B811EAB4C8 /* Pods_Smack.framework */ = {isa = PBXFileReference; explicitFileType = wrapper.framework; includeInIndex = 0; path = Pods_Smack.framework; sourceTree = BUILT_PRODUCTS_DIR; };
		E110A91858D02E6E3E9B68EF /* Pods-Smack.release.xcconfig */ = {isa = PBXFileReference; includeInIndex = 1; lastKnownFileType = text.xcconfig; name = "Pods-Smack.release.xcconfig"; path = "Pods/Target Support Files/Pods-Smack/Pods-Smack.release.xcconfig"; sourceTree = "<group>"; };
/* End PBXFileReference section */

/* Begin PBXFrameworksBuildPhase section */
		69277EEF2052FFB4004C82DB /* Frameworks */ = {
			isa = PBXFrameworksBuildPhase;
			buildActionMask = 2147483647;
			files = (
				41F7C7F99EF7A80209C06F41 /* Pods_Smack.framework in Frameworks */,
			);
			runOnlyForDeploymentPostprocessing = 0;
		};
/* End PBXFrameworksBuildPhase section */

/* Begin PBXGroup section */
		19FBDBBD0707ACE75FE90C05 /* Pods */ = {
			isa = PBXGroup;
			children = (
				76F724936E1EA4F6086C0AFF /* Pods-Smack.debug.xcconfig */,
				E110A91858D02E6E3E9B68EF /* Pods-Smack.release.xcconfig */,
			);
			name = Pods;
			sourceTree = "<group>";
		};
		60A60F0633B15E4753617F83 /* Frameworks */ = {
			isa = PBXGroup;
			children = (
				987908AAD48C17B811EAB4C8 /* Pods_Smack.framework */,
			);
			name = Frameworks;
			sourceTree = "<group>";
		};
		69277EE92052FFB4004C82DB = {
			isa = PBXGroup;
			children = (
				69277EF42052FFB4004C82DB /* Smack */,
				69277EF32052FFB4004C82DB /* Products */,
				19FBDBBD0707ACE75FE90C05 /* Pods */,
				60A60F0633B15E4753617F83 /* Frameworks */,
			);
			sourceTree = "<group>";
		};
		69277EF32052FFB4004C82DB /* Products */ = {
			isa = PBXGroup;
			children = (
				69277EF22052FFB4004C82DB /* Smack.app */,
			);
			name = Products;
			sourceTree = "<group>";
		};
		69277EF42052FFB4004C82DB /* Smack */ = {
			isa = PBXGroup;
			children = (
				69F4DC7C2058289100690A73 /* XIBs */,
				69F8CA122054B176008D36C9 /* Services */,
				69277F15205360C1004C82DB /* Utillties */,
				69277F0E20531877004C82DB /* Model */,
				69277F0D20531868004C82DB /* View */,
				69277F0C20531832004C82DB /* Controller */,
				69277F072053122F004C82DB /* Supporting Filles */,
				69277EF52052FFB4004C82DB /* AppDelegate.swift */,
				69277EF92052FFB4004C82DB /* Main.storyboard */,
				69277EFC2052FFB4004C82DB /* Assets.xcassets */,
				69277EFE2052FFB4004C82DB /* LaunchScreen.storyboard */,
				69277F012052FFB4004C82DB /* Info.plist */,
			);
			path = Smack;
			sourceTree = "<group>";
		};
		69277F072053122F004C82DB /* Supporting Filles */ = {
			isa = PBXGroup;
			children = (
				69277F09205313BD004C82DB /* SWRevealViewController.h */,
				69277F0A205313BD004C82DB /* SWRevealViewController.m */,
				69277F08205313BC004C82DB /* Smack-Bridging-Header.h */,
			);
			name = "Supporting Filles";
			sourceTree = "<group>";
		};
		69277F0C20531832004C82DB /* Controller */ = {
			isa = PBXGroup;
			children = (
				69277F0F2053194A004C82DB /* ChatVC.swift */,
				69277F112053199E004C82DB /* ChannelVC.swift */,
				69277F1820536F95004C82DB /* signinVC.swift */,
				690244A62055D00F006EEA40 /* createAccountVC.swift */,
				69F163702056E915000FE161 /* avatarPicerVC.swift */,
				69F4DC782058259400690A73 /* ProfileVC.swift */,
				69EF81B72059686800CE69FB /* AddChannelVC.swift */,
			);
			name = Controller;
			sourceTree = "<group>";
		};
		69277F0D20531868004C82DB /* View */ = {
			isa = PBXGroup;
			children = (
				69277F13205341DE004C82DB /* GradientView.swift */,
				690244A82055E5B1006EEA40 /* RoundedBTN.swift */,
				69F163722056F184000FE161 /* AvatarCell.swift */,
				69F163742057270D000FE161 /* CircleImage.swift */,
				693196FE2058B4F4003AD1B4 /* channelCell.swift */,
			);
			name = View;
			sourceTree = "<group>";
		};
		69277F0E20531877004C82DB /* Model */ = {
			isa = PBXGroup;
			children = (
				69F4DC7F2058A2A300690A73 /* Channel.swift */,
			);
			name = Model;
			sourceTree = "<group>";
		};
		69277F15205360C1004C82DB /* Utillties */ = {
			isa = PBXGroup;
			children = (
				69277F1620536139004C82DB /* Constants.swift */,
			);
			name = Utillties;
			sourceTree = "<group>";
		};
		69F4DC7C2058289100690A73 /* XIBs */ = {
			isa = PBXGroup;
			children = (
				69F4DC792058259400690A73 /* ProfileVC.xib */,
				69EF81B82059686800CE69FB /* AddChannelVC.xib */,
			);
			name = XIBs;
			sourceTree = "<group>";
		};
		69F8CA122054B176008D36C9 /* Services */ = {
			isa = PBXGroup;
			children = (
				69F8CA132054B1B4008D36C9 /* AuthService.swift */,
				690244AA20560C94006EEA40 /* UserDataService.swift */,
				69F4DC7D2058A1D500690A73 /* MessageService.swift */,
				69A2C01820599F7A007FA671 /* socketService.swift */,
			);
			name = Services;
			sourceTree = "<group>";
		};
/* End PBXGroup section */

/* Begin PBXNativeTarget section */
		69277EF12052FFB4004C82DB /* Smack */ = {
			isa = PBXNativeTarget;
			buildConfigurationList = 69277F042052FFB4004C82DB /* Build configuration list for PBXNativeTarget "Smack" */;
			buildPhases = (
				0A7D0DE1B4B502441CCDF709 /* [CP] Check Pods Manifest.lock */,
				69277EEE2052FFB4004C82DB /* Sources */,
				69277EEF2052FFB4004C82DB /* Frameworks */,
				69277EF02052FFB4004C82DB /* Resources */,
				C9472D0489FD938F2B698F31 /* [CP] Embed Pods Frameworks */,
				13053249D2366387E45BCBF5 /* [CP] Copy Pods Resources */,
			);
			buildRules = (
			);
			dependencies = (
			);
			name = Smack;
			productName = Smack;
			productReference = 69277EF22052FFB4004C82DB /* Smack.app */;
			productType = "com.apple.product-type.application";
		};
/* End PBXNativeTarget section */

/* Begin PBXProject section */
		69277EEA2052FFB4004C82DB /* Project object */ = {
			isa = PBXProject;
			attributes = {
				LastSwiftUpdateCheck = 0830;
				LastUpgradeCheck = 0830;
				ORGANIZATIONNAME = FARIDO;
				TargetAttributes = {
					69277EF12052FFB4004C82DB = {
						CreatedOnToolsVersion = 8.3.3;
						LastSwiftMigration = 0830;
						ProvisioningStyle = Automatic;
					};
				};
			};
			buildConfigurationList = 69277EED2052FFB4004C82DB /* Build configuration list for PBXProject "Smack" */;
			compatibilityVersion = "Xcode 3.2";
			developmentRegion = English;
			hasScannedForEncodings = 0;
			knownRegions = (
				en,
				Base,
			);
			mainGroup = 69277EE92052FFB4004C82DB;
			productRefGroup = 69277EF32052FFB4004C82DB /* Products */;
			projectDirPath = "";
			projectRoot = "";
			targets = (
				69277EF12052FFB4004C82DB /* Smack */,
			);
		};
/* End PBXProject section */

/* Begin PBXResourcesBuildPhase section */
		69277EF02052FFB4004C82DB /* Resources */ = {
			isa = PBXResourcesBuildPhase;
			buildActionMask = 2147483647;
			files = (
				69EF81BA2059686800CE69FB /* AddChannelVC.xib in Resources */,
				69F4DC7B2058259400690A73 /* ProfileVC.xib in Resources */,
				69277F002052FFB4004C82DB /* LaunchScreen.storyboard in Resources */,
				69277EFD2052FFB4004C82DB /* Assets.xcassets in Resources */,
				69277EFB2052FFB4004C82DB /* Main.storyboard in Resources */,
			);
			runOnlyForDeploymentPostprocessing = 0;
		};
/* End PBXResourcesBuildPhase section */

/* Begin PBXShellScriptBuildPhase section */
		0A7D0DE1B4B502441CCDF709 /* [CP] Check Pods Manifest.lock */ = {
			isa = PBXShellScriptBuildPhase;
			buildActionMask = 2147483647;
			files = (
			);
			inputPaths = (
				"${PODS_PODFILE_DIR_PATH}/Podfile.lock",
				"${PODS_ROOT}/Manifest.lock",
			);
			name = "[CP] Check Pods Manifest.lock";
			outputPaths = (
				"$(DERIVED_FILE_DIR)/Pods-Smack-checkManifestLockResult.txt",
			);
			runOnlyForDeploymentPostprocessing = 0;
			shellPath = /bin/sh;
			shellScript = "diff \"${PODS_PODFILE_DIR_PATH}/Podfile.lock\" \"${PODS_ROOT}/Manifest.lock\" > /dev/null\nif [ $? != 0 ] ; then\n    # print error to STDERR\n    echo \"error: The sandbox is not in sync with the Podfile.lock. Run 'pod install' or update your CocoaPods installation.\" >&2\n    exit 1\nfi\n# This output is used by Xcode 'outputs' to avoid re-running this script phase.\necho \"SUCCESS\" > \"${SCRIPT_OUTPUT_FILE_0}\"\n";
			showEnvVarsInLog = 0;
		};
		13053249D2366387E45BCBF5 /* [CP] Copy Pods Resources */ = {
			isa = PBXShellScriptBuildPhase;
			buildActionMask = 2147483647;
			files = (
			);
			inputPaths = (
			);
			name = "[CP] Copy Pods Resources";
			outputPaths = (
			);
			runOnlyForDeploymentPostprocessing = 0;
			shellPath = /bin/sh;
			shellScript = "\"${SRCROOT}/Pods/Target Support Files/Pods-Smack/Pods-Smack-resources.sh\"\n";
			showEnvVarsInLog = 0;
		};
		C9472D0489FD938F2B698F31 /* [CP] Embed Pods Frameworks */ = {
			isa = PBXShellScriptBuildPhase;
			buildActionMask = 2147483647;
			files = (
			);
			inputPaths = (
				"${SRCROOT}/Pods/Target Support Files/Pods-Smack/Pods-Smack-frameworks.sh",
				"${BUILT_PRODUCTS_DIR}/Alamofire/Alamofire.framework",
				"${BUILT_PRODUCTS_DIR}/Socket.IO-Client-Swift/SocketIO.framework",
				"${BUILT_PRODUCTS_DIR}/StarscreamSocketIO/StarscreamSocketIO.framework",
				"${BUILT_PRODUCTS_DIR}/SwiftyJSON/SwiftyJSON.framework",
			);
			name = "[CP] Embed Pods Frameworks";
			outputPaths = (
				"${TARGET_BUILD_DIR}/${FRAMEWORKS_FOLDER_PATH}/Alamofire.framework",
				"${TARGET_BUILD_DIR}/${FRAMEWORKS_FOLDER_PATH}/SocketIO.framework",
				"${TARGET_BUILD_DIR}/${FRAMEWORKS_FOLDER_PATH}/StarscreamSocketIO.framework",
				"${TARGET_BUILD_DIR}/${FRAMEWORKS_FOLDER_PATH}/SwiftyJSON.framework",
			);
			runOnlyForDeploymentPostprocessing = 0;
			shellPath = /bin/sh;
			shellScript = "\"${SRCROOT}/Pods/Target Support Files/Pods-Smack/Pods-Smack-frameworks.sh\"\n";
			showEnvVarsInLog = 0;
		};
/* End PBXShellScriptBuildPhase section */

/* Begin PBXSourcesBuildPhase section */
		69277EEE2052FFB4004C82DB /* Sources */ = {
			isa = PBXSourcesBuildPhase;
			buildActionMask = 2147483647;
			files = (
				69F4DC7A2058259400690A73 /* ProfileVC.swift in Sources */,
				69277F122053199E004C82DB /* ChannelVC.swift in Sources */,
				69277F102053194A004C82DB /* ChatVC.swift in Sources */,
				69277F14205341DF004C82DB /* GradientView.swift in Sources */,
				69F4DC802058A2A300690A73 /* Channel.swift in Sources */,
				69F163752057270E000FE161 /* CircleImage.swift in Sources */,
				69F4DC7E2058A1D500690A73 /* MessageService.swift in Sources */,
				690244AB20560C95006EEA40 /* UserDataService.swift in Sources */,
				69277EF62052FFB4004C82DB /* AppDelegate.swift in Sources */,
				69277F0B205313BD004C82DB /* SWRevealViewController.m in Sources */,
				69277F1720536139004C82DB /* Constants.swift in Sources */,
				69277F1920536F95004C82DB /* signinVC.swift in Sources */,
				690244A72055D00F006EEA40 /* createAccountVC.swift in Sources */,
				69EF81B92059686800CE69FB /* AddChannelVC.swift in Sources */,
				69F163732056F184000FE161 /* AvatarCell.swift in Sources */,
				69F163712056E915000FE161 /* avatarPicerVC.swift in Sources */,
				69A2C01920599F7A007FA671 /* socketService.swift in Sources */,
				690244A92055E5B1006EEA40 /* RoundedBTN.swift in Sources */,
				69F8CA142054B1B4008D36C9 /* AuthService.swift in Sources */,
				693196FF2058B4F4003AD1B4 /* channelCell.swift in Sources */,
			);
			runOnlyForDeploymentPostprocessing = 0;
		};
/* End PBXSourcesBuildPhase section */

/* Begin PBXVariantGroup section */
		69277EF92052FFB4004C82DB /* Main.storyboard */ = {
			isa = PBXVariantGroup;
			children = (
				69277EFA2052FFB4004C82DB /* Base */,
			);
			name = Main.storyboard;
			sourceTree = "<group>";
		};
		69277EFE2052FFB4004C82DB /* LaunchScreen.storyboard */ = {
			isa = PBXVariantGroup;
			children = (
				69277EFF2052FFB4004C82DB /* Base */,
			);
			name = LaunchScreen.storyboard;
			sourceTree = "<group>";
		};
/* End PBXVariantGroup section */

/* Begin XCBuildConfiguration section */
		69277F022052FFB4004C82DB /* Debug */ = {
			isa = XCBuildConfiguration;
			buildSettings = {
				ALWAYS_SEARCH_USER_PATHS = NO;
				CLANG_ANALYZER_NONNULL = YES;
				CLANG_ANALYZER_NUMBER_OBJECT_CONVERSION = YES_AGGRESSIVE;
				CLANG_CXX_LANGUAGE_STANDARD = "gnu++0x";
				CLANG_CXX_LIBRARY = "libc++";
				CLANG_ENABLE_MODULES = YES;
				CLANG_ENABLE_OBJC_ARC = YES;
				CLANG_WARN_BOOL_CONVERSION = YES;
				CLANG_WARN_CONSTANT_CONVERSION = YES;
				CLANG_WARN_DIRECT_OBJC_ISA_USAGE = YES_ERROR;
				CLANG_WARN_DOCUMENTATION_COMMENTS = YES;
				CLANG_WARN_EMPTY_BODY = YES;
				CLANG_WARN_ENUM_CONVERSION = YES;
				CLANG_WARN_INFINITE_RECURSION = YES;
				CLANG_WARN_INT_CONVERSION = YES;
				CLANG_WARN_OBJC_ROOT_CLASS = YES_ERROR;
				CLANG_WARN_SUSPICIOUS_MOVE = YES;
				CLANG_WARN_UNREACHABLE_CODE = YES;
				CLANG_WARN__DUPLICATE_METHOD_MATCH = YES;
				"CODE_SIGN_IDENTITY[sdk=iphoneos*]" = "iPhone Developer";
				COPY_PHASE_STRIP = NO;
				DEBUG_INFORMATION_FORMAT = dwarf;
				ENABLE_STRICT_OBJC_MSGSEND = YES;
				ENABLE_TESTABILITY = YES;
				GCC_C_LANGUAGE_STANDARD = gnu99;
				GCC_DYNAMIC_NO_PIC = NO;
				GCC_NO_COMMON_BLOCKS = YES;
				GCC_OPTIMIZATION_LEVEL = 0;
				GCC_PREPROCESSOR_DEFINITIONS = (
					"DEBUG=1",
					"$(inherited)",
				);
				GCC_WARN_64_TO_32_BIT_CONVERSION = YES;
				GCC_WARN_ABOUT_RETURN_TYPE = YES_ERROR;
				GCC_WARN_UNDECLARED_SELECTOR = YES;
				GCC_WARN_UNINITIALIZED_AUTOS = YES_AGGRESSIVE;
				GCC_WARN_UNUSED_FUNCTION = YES;
				GCC_WARN_UNUSED_VARIABLE = YES;
				IPHONEOS_DEPLOYMENT_TARGET = 10.3;
				MTL_ENABLE_DEBUG_INFO = YES;
				ONLY_ACTIVE_ARCH = YES;
				SDKROOT = iphoneos;
				SWIFT_ACTIVE_COMPILATION_CONDITIONS = DEBUG;
				SWIFT_OPTIMIZATION_LEVEL = "-Onone";
			};
			name = Debug;
		};
		69277F032052FFB4004C82DB /* Release */ = {
			isa = XCBuildConfiguration;
			buildSettings = {
				ALWAYS_SEARCH_USER_PATHS = NO;
				CLANG_ANALYZER_NONNULL = YES;
				CLANG_ANALYZER_NUMBER_OBJECT_CONVERSION = YES_AGGRESSIVE;
				CLANG_CXX_LANGUAGE_STANDARD = "gnu++0x";
				CLANG_CXX_LIBRARY = "libc++";
				CLANG_ENABLE_MODULES = YES;
				CLANG_ENABLE_OBJC_ARC = YES;
				CLANG_WARN_BOOL_CONVERSION = YES;
				CLANG_WARN_CONSTANT_CONVERSION = YES;
				CLANG_WARN_DIRECT_OBJC_ISA_USAGE = YES_ERROR;
				CLANG_WARN_DOCUMENTATION_COMMENTS = YES;
				CLANG_WARN_EMPTY_BODY = YES;
				CLANG_WARN_ENUM_CONVERSION = YES;
				CLANG_WARN_INFINITE_RECURSION = YES;
				CLANG_WARN_INT_CONVERSION = YES;
				CLANG_WARN_OBJC_ROOT_CLASS = YES_ERROR;
				CLANG_WARN_SUSPICIOUS_MOVE = YES;
				CLANG_WARN_UNREACHABLE_CODE = YES;
				CLANG_WARN__DUPLICATE_METHOD_MATCH = YES;
				"CODE_SIGN_IDENTITY[sdk=iphoneos*]" = "iPhone Developer";
				COPY_PHASE_STRIP = NO;
				DEBUG_INFORMATION_FORMAT = "dwarf-with-dsym";
				ENABLE_NS_ASSERTIONS = NO;
				ENABLE_STRICT_OBJC_MSGSEND = YES;
				GCC_C_LANGUAGE_STANDARD = gnu99;
				GCC_NO_COMMON_BLOCKS = YES;
				GCC_WARN_64_TO_32_BIT_CONVERSION = YES;
				GCC_WARN_ABOUT_RETURN_TYPE = YES_ERROR;
				GCC_WARN_UNDECLARED_SELECTOR = YES;
				GCC_WARN_UNINITIALIZED_AUTOS = YES_AGGRESSIVE;
				GCC_WARN_UNUSED_FUNCTION = YES;
				GCC_WARN_UNUSED_VARIABLE = YES;
				IPHONEOS_DEPLOYMENT_TARGET = 10.3;
				MTL_ENABLE_DEBUG_INFO = NO;
				SDKROOT = iphoneos;
				SWIFT_OPTIMIZATION_LEVEL = "-Owholemodule";
				VALIDATE_PRODUCT = YES;
			};
			name = Release;
		};
		69277F052052FFB4004C82DB /* Debug */ = {
			isa = XCBuildConfiguration;
			baseConfigurationReference = 76F724936E1EA4F6086C0AFF /* Pods-Smack.debug.xcconfig */;
			buildSettings = {
				ASSETCATALOG_COMPILER_APPICON_NAME = AppIcon;
				CLANG_ENABLE_MODULES = YES;
				INFOPLIST_FILE = Smack/Info.plist;
				LD_RUNPATH_SEARCH_PATHS = "$(inherited) @executable_path/Frameworks";
				PRODUCT_BUNDLE_IDENTIFIER = com.farid.Mohar.Smack;
				PRODUCT_NAME = "$(TARGET_NAME)";
				SWIFT_OBJC_BRIDGING_HEADER = "Smack/Smack-Bridging-Header.h";
				SWIFT_OPTIMIZATION_LEVEL = "-Onone";
				SWIFT_VERSION = 3.0;
			};
			name = Debug;
		};
		69277F062052FFB4004C82DB /* Release */ = {
			isa = XCBuildConfiguration;
			baseConfigurationReference = E110A91858D02E6E3E9B68EF /* Pods-Smack.release.xcconfig */;
			buildSettings = {
				ASSETCATALOG_COMPILER_APPICON_NAME = AppIcon;
				CLANG_ENABLE_MODULES = YES;
				INFOPLIST_FILE = Smack/Info.plist;
				LD_RUNPATH_SEARCH_PATHS = "$(inherited) @executable_path/Frameworks";
				PRODUCT_BUNDLE_IDENTIFIER = com.farid.Mohar.Smack;
				PRODUCT_NAME = "$(TARGET_NAME)";
				SWIFT_OBJC_BRIDGING_HEADER = "Smack/Smack-Bridging-Header.h";
				SWIFT_VERSION = 3.0;
			};
			name = Release;
		};
/* End XCBuildConfiguration section */

/* Begin XCConfigurationList section */
		69277EED2052FFB4004C82DB /* Build configuration list for PBXProject "Smack" */ = {
			isa = XCConfigurationList;
			buildConfigurations = (
				69277F022052FFB4004C82DB /* Debug */,
				69277F032052FFB4004C82DB /* Release */,
			);
			defaultConfigurationIsVisible = 0;
			defaultConfigurationName = Release;
		};
		69277F042052FFB4004C82DB /* Build configuration list for PBXNativeTarget "Smack" */ = {
			isa = XCConfigurationList;
			buildConfigurations = (
				69277F052052FFB4004C82DB /* Debug */,
				69277F062052FFB4004C82DB /* Release */,
			);
			defaultConfigurationIsVisible = 0;
			defaultConfigurationName = Release;
		};
/* End XCConfigurationList section */
	};
	rootObject = 69277EEA2052FFB4004C82DB /* Project object */;
}
